
Microsoft Visual Studio Solution File, Format Version 12.00
# Visual Studio Version 16
VisualStudioVersion = 16.0.31729.503
MinimumVisualStudioVersion = 10.0.40219.1
Project("{FAE04EC0-301F-11D3-BF4B-00C04F79EFBC}") = "backEndChallenge", "backEndChallenge\backEndChallenge.csproj", "{23D4569B-D03C-4BC4-A96F-25EF01A3437A}"
EndProject
Global
	GlobalSection(SolutionConfigurationPlatforms) = preSolution
		Debug|Any CPU = Debug|Any CPU
		Release|Any CPU = Release|Any CPU
	EndGlobalSection
	GlobalSection(ProjectConfigurationPlatforms) = postSolution
		{23D4569B-D03C-4BC4-A96F-25EF01A3437A}.Debug|Any CPU.ActiveCfg = Debug|Any CPU
		{23D4569B-D03C-4BC4-A96F-25EF01A3437A}.Debug|Any CPU.Build.0 = Debug|Any CPU
		{23D4569B-D03C-4BC4-A96F-25EF01A3437A}.Release|Any CPU.ActiveCfg = Release|Any CPU
		{23D4569B-D03C-4BC4-A96F-25EF01A3437A}.Release|Any CPU.Build.0 = Release|Any CPU
	EndGlobalSection
	GlobalSection(SolutionProperties) = preSolution
		HideSolutionNode = FALSE
	EndGlobalSection
	GlobalSection(ExtensibilityGlobals) = postSolution
		SolutionGuid = {750F49DA-E490-439D-A605-0A9AC56F0E23}
	EndGlobalSection
EndGlobal
